
Microsoft Visual Studio Solution File, Format Version 12.00
# Visual Studio Version 16
VisualStudioVersion = 16.0.32428.217
MinimumVisualStudioVersion = 10.0.40219.1
Project("{FAE04EC0-301F-11D3-BF4B-00C04F79EFBC}") = "MediaTek86", "MediaTek86\MediaTek86.csproj", "{474A1A95-650A-4BF5-9F57-38497BCFAE09}"
EndProject
Global
	GlobalSection(SolutionConfigurationPlatforms) = preSolution
		Debug|Any CPU = Debug|Any CPU
		Release|Any CPU = Release|Any CPU
	EndGlobalSection
	GlobalSection(ProjectConfigurationPlatforms) = postSolution
		{474A1A95-650A-4BF5-9F57-38497BCFAE09}.Debug|Any CPU.ActiveCfg = Debug|Any CPU
		{474A1A95-650A-4BF5-9F57-38497BCFAE09}.Debug|Any CPU.Build.0 = Debug|Any CPU
		{474A1A95-650A-4BF5-9F57-38497BCFAE09}.Release|Any CPU.ActiveCfg = Release|Any CPU
		{474A1A95-650A-4BF5-9F57-38497BCFAE09}.Release|Any CPU.Build.0 = Release|Any CPU
	EndGlobalSection
	GlobalSection(SolutionProperties) = preSolution
		HideSolutionNode = FALSE
	EndGlobalSection
	GlobalSection(ExtensibilityGlobals) = postSolution
		SolutionGuid = {97AA611F-135E-4186-A78E-75D9B40F0198}
	EndGlobalSection
EndGlobal
